<?xml version="1.0" encoding="utf-8"?>
<Project ToolsVersion="4.0" xmlns="http://schemas.microsoft.com/developer/msbuild/2003">
  <ItemGroup>
    <Filter Include="源文件">
      <UniqueIdentifier>{4FC737F1-C7A5-4376-A066-2A32D752A2FF}</UniqueIdentifier>
      <Extensions>cpp;c;cc;cxx;def;odl;idl;hpj;bat;asm;asmx</Extensions>
    </Filter>
    <Filter Include="头文件">
      <UniqueIdentifier>{93995380-89BD-4b04-88EB-625FBE52EBFB}</UniqueIdentifier>
      <Extensions>h;hh;hpp;hxx;hm;inl;inc;xsd</Extensions>
    </Filter>
    <Filter Include="资源文件">
      <UniqueIdentifier>{67DA6AB6-F800-4c08-8B7A-83BB121AAD01}</UniqueIdentifier>
      <Extensions>rc;ico;cur;bmp;dlg;rc2;rct;bin;rgs;gif;jpg;jpeg;jpe;resx;tiff;tif;png;wav;mfcribbon-ms</Extensions>
    </Filter>
  </ItemGroup>
  <ItemGroup>
    <Text Include="ReadMe.txt" />
  </ItemGroup>
  <ItemGroup>
    <ClInclude Include="stdafx.h">
      <Filter>头文件</Filter>
    </ClInclude>
    <ClInclude Include="targetver.h">
      <Filter>头文件</Filter>
    </ClInclude>
    <ClInclude Include="GameObject.h">
      <Filter>头文件</Filter>
    </ClInclude>
    <ClInclude Include="ActiveObj.h">
      <Filter>头文件</Filter>
    </ClInclude>
    <ClInclude Include="StillObj.h">
      <Filter>头文件</Filter>
    </ClInclude>
    <ClInclude Include="Cherrybomb.h">
      <Filter>头文件</Filter>
    </ClInclude>
    <ClInclude Include="IceShooter.h">
      <Filter>头文件</Filter>
    </ClInclude>
    <ClInclude Include="Nut.h">
      <Filter>头文件</Filter>
    </ClInclude>
    <ClInclude Include="PeaShooter.h">
      <Filter>头文件</Filter>
    </ClInclude>
    <ClInclude Include="Pumkin.h">
      <Filter>头文件</Filter>
    </ClInclude>
    <ClInclude Include="SunFlower.h">
      <Filter>头文件</Filter>
    </ClInclude>
    <ClInclude Include="Zombies.h">
      <Filter>头文件</Filter>
    </ClInclude>
    <ClInclude Include="DoorZombie.h">
      <Filter>头文件</Filter>
    </ClInclude>
    <ClInclude Include="DrumZombie.h">
      <Filter>头文件</Filter>
    </ClInclude>
    <ClInclude Include="HatZombie.h">
      <Filter>头文件</Filter>
    </ClInclude>
    <ClInclude Include="Ball.h">
      <Filter>头文件</Filter>
    </ClInclude>
    <ClInclude Include="Scoop.h">
      <Filter>头文件</Filter>
    </ClInclude>
    <ClInclude Include="Sun.h">
      <Filter>头文件</Filter>
    </ClInclude>
    <ClInclude Include="Resource.h">
      <Filter>头文件</Filter>
    </ClInclude>
    <ClInclude Include="MouseThing.h">
      <Filter>头文件</Filter>
    </ClInclude>
    <ClInclude Include="Game.h">
      <Filter>头文件</Filter>
    </ClInclude>
    <ClInclude Include="Factory.h">
      <Filter>头文件</Filter>
    </ClInclude>
    <ClInclude Include="Bg.h">
      <Filter>头文件</Filter>
    </ClInclude>
    <ClInclude Include="Card.h">
      <Filter>头文件</Filter>
    </ClInclude>
    <ClInclude Include="Spwan.h">
      <Filter>头文件</Filter>
    </ClInclude>
    <ClInclude Include="Chomper.h">
      <Filter>头文件</Filter>
    </ClInclude>
  </ItemGroup>
  <ItemGroup>
    <ClCompile Include="stdafx.cpp">
      <Filter>源文件</Filter>
    </ClCompile>
    <ClCompile Include="PlantVSZombies.cpp">
      <Filter>源文件</Filter>
    </ClCompile>
    <ClCompile Include="GameObject.cpp">
      <Filter>源文件</Filter>
    </ClCompile>
    <ClCompile Include="ActiveObj.cpp">
      <Filter>源文件</Filter>
    </ClCompile>
    <ClCompile Include="StillObj.cpp">
      <Filter>源文件</Filter>
    </ClCompile>
    <ClCompile Include="Cherrybomb.cpp">
      <Filter>源文件</Filter>
    </ClCompile>
    <ClCompile Include="IceShooter.cpp">
      <Filter>源文件</Filter>
    </ClCompile>
    <ClCompile Include="Nut.cpp">
      <Filter>源文件</Filter>
    </ClCompile>
    <ClCompile Include="PeaShooter.cpp">
      <Filter>源文件</Filter>
    </ClCompile>
    <ClCompile Include="Pumkin.cpp">
      <Filter>源文件</Filter>
    </ClCompile>
    <ClCompile Include="SunFlower.cpp">
      <Filter>源文件</Filter>
    </ClCompile>
    <ClCompile Include="Zombies.cpp">
      <Filter>源文件</Filter>
    </ClCompile>
    <ClCompile Include="DoorZombie.cpp">
      <Filter>源文件</Filter>
    </ClCompile>
    <ClCompile Include="DrumZombie.cpp">
      <Filter>源文件</Filter>
    </ClCompile>
    <ClCompile Include="HatZombie.cpp">
      <Filter>源文件</Filter>
    </ClCompile>
    <ClCompile Include="Ball.cpp">
      <Filter>源文件</Filter>
    </ClCompile>
    <ClCompile Include="Scoop.cpp">
      <Filter>源文件</Filter>
    </ClCompile>
    <ClCompile Include="Sun.cpp">
      <Filter>源文件</Filter>
    </ClCompile>
    <ClCompile Include="Resource.cpp">
      <Filter>源文件</Filter>
    </ClCompile>
    <ClCompile Include="MouseThing.cpp">
      <Filter>源文件</Filter>
    </ClCompile>
    <ClCompile Include="Game.cpp">
      <Filter>源文件</Filter>
    </ClCompile>
    <ClCompile Include="Factory.cpp">
      <Filter>源文件</Filter>
    </ClCompile>
    <ClCompile Include="Bg.cpp">
      <Filter>源文件</Filter>
    </ClCompile>
    <ClCompile Include="Card.cpp">
      <Filter>源文件</Filter>
    </ClCompile>
    <ClCompile Include="Spwan.cpp">
      <Filter>源文件</Filter>
    </ClCompile>
    <ClCompile Include="Chomper.cpp">
      <Filter>源文件</Filter>
    </ClCompile>
  </ItemGroup>
</Project>